
Microsoft Visual Studio Solution File, Format Version 12.00
# Visual Studio Version 16
VisualStudioVersion = 16.0.31515.178
MinimumVisualStudioVersion = 10.0.40219.1
Project("{2150E333-8FDC-42A3-9474-1A3956D46DE8}") = "MD5_HashingProject", "MD5_HashingProject", "{0EDFA4F5-9AB0-460F-A9C7-45DDDBCBA9EA}"
EndProject
Project("{2150E333-8FDC-42A3-9474-1A3956D46DE8}") = "Number_generatorProject", "Number_generatorProject", "{9B57B5CF-F516-44D4-97D5-8A137D502017}"
EndProject
Project("{9A19103F-16F7-4668-BE54-9A1E7A4F7556}") = "PseudoRundomNumberGenerator", "PseudoRandomNumberGenerator\Lab1\PseudoRundomNumberGenerator.csproj", "{F9DD3D3D-E34C-4800-AA1C-8225D349B8E3}"
EndProject
Project("{9A19103F-16F7-4668-BE54-9A1E7A4F7556}") = "HashingAlgorithm", "HashingAlgorithm\HashingAlgorithm\HashingAlgorithm.csproj", "{6D752770-D9B0-408E-A97F-DCDA848314B1}"
EndProject
Project("{9A19103F-16F7-4668-BE54-9A1E7A4F7556}") = "MD5Hashing", "HashingAlgorithm\ClientApp\MD5Hashing.csproj", "{6DE0C904-7030-402E-A8EC-BB58AD0F8352}"
EndProject
Project("{FAE04EC0-301F-11D3-BF4B-00C04F79EFBC}") = "Test", "Test\Test.csproj", "{E8CCEE0A-AB8C-4E9A-B1EF-F680BDF55529}"
EndProject
Global
	GlobalSection(SolutionConfigurationPlatforms) = preSolution
		Debug|Any CPU = Debug|Any CPU
		Release|Any CPU = Release|Any CPU
	EndGlobalSection
	GlobalSection(ProjectConfigurationPlatforms) = postSolution
		{F9DD3D3D-E34C-4800-AA1C-8225D349B8E3}.Debug|Any CPU.ActiveCfg = Debug|Any CPU
		{F9DD3D3D-E34C-4800-AA1C-8225D349B8E3}.Debug|Any CPU.Build.0 = Debug|Any CPU
		{F9DD3D3D-E34C-4800-AA1C-8225D349B8E3}.Release|Any CPU.ActiveCfg = Release|Any CPU
		{F9DD3D3D-E34C-4800-AA1C-8225D349B8E3}.Release|Any CPU.Build.0 = Release|Any CPU
		{6D752770-D9B0-408E-A97F-DCDA848314B1}.Debug|Any CPU.ActiveCfg = Debug|Any CPU
		{6D752770-D9B0-408E-A97F-DCDA848314B1}.Debug|Any CPU.Build.0 = Debug|Any CPU
		{6D752770-D9B0-408E-A97F-DCDA848314B1}.Release|Any CPU.ActiveCfg = Release|Any CPU
		{6D752770-D9B0-408E-A97F-DCDA848314B1}.Release|Any CPU.Build.0 = Release|Any CPU
		{6DE0C904-7030-402E-A8EC-BB58AD0F8352}.Debug|Any CPU.ActiveCfg = Debug|Any CPU
		{6DE0C904-7030-402E-A8EC-BB58AD0F8352}.Debug|Any CPU.Build.0 = Debug|Any CPU
		{6DE0C904-7030-402E-A8EC-BB58AD0F8352}.Release|Any CPU.ActiveCfg = Release|Any CPU
		{6DE0C904-7030-402E-A8EC-BB58AD0F8352}.Release|Any CPU.Build.0 = Release|Any CPU
		{E8CCEE0A-AB8C-4E9A-B1EF-F680BDF55529}.Debug|Any CPU.ActiveCfg = Debug|Any CPU
		{E8CCEE0A-AB8C-4E9A-B1EF-F680BDF55529}.Debug|Any CPU.Build.0 = Debug|Any CPU
		{E8CCEE0A-AB8C-4E9A-B1EF-F680BDF55529}.Release|Any CPU.ActiveCfg = Release|Any CPU
		{E8CCEE0A-AB8C-4E9A-B1EF-F680BDF55529}.Release|Any CPU.Build.0 = Release|Any CPU
	EndGlobalSection
	GlobalSection(SolutionProperties) = preSolution
		HideSolutionNode = FALSE
	EndGlobalSection
	GlobalSection(NestedProjects) = preSolution
		{F9DD3D3D-E34C-4800-AA1C-8225D349B8E3} = {9B57B5CF-F516-44D4-97D5-8A137D502017}
		{6D752770-D9B0-408E-A97F-DCDA848314B1} = {0EDFA4F5-9AB0-460F-A9C7-45DDDBCBA9EA}
		{6DE0C904-7030-402E-A8EC-BB58AD0F8352} = {0EDFA4F5-9AB0-460F-A9C7-45DDDBCBA9EA}
		{E8CCEE0A-AB8C-4E9A-B1EF-F680BDF55529} = {0EDFA4F5-9AB0-460F-A9C7-45DDDBCBA9EA}
	EndGlobalSection
	GlobalSection(ExtensibilityGlobals) = postSolution
		SolutionGuid = {DD073EB2-5D8B-4405-869E-0F9468911BA5}
	EndGlobalSection
EndGlobal
